// !$*UTF8*$!
{
	archiveVersion = 1;
	classes = {
	};
	objectVersion = 56;
	objects = {

/* Begin PBXBuildFile section */
		362AEC5A2CA1BB3F00DE6F0C /* H4X0R_News_iOSApp.swift in Sources */ = {isa = PBXBuildFile; fileRef = 362AEC592CA1BB3F00DE6F0C /* H4X0R_News_iOSApp.swift */; };
		362AEC5C2CA1BB3F00DE6F0C /* ContentView.swift in Sources */ = {isa = PBXBuildFile; fileRef = 362AEC5B2CA1BB3F00DE6F0C /* ContentView.swift */; };
		362AEC5E2CA1BB4100DE6F0C /* Assets.xcassets in Resources */ = {isa = PBXBuildFile; fileRef = 362AEC5D2CA1BB4100DE6F0C /* Assets.xcassets */; };
		362AEC612CA1BB4100DE6F0C /* Preview Assets.xcassets in Resources */ = {isa = PBXBuildFile; fileRef = 362AEC602CA1BB4100DE6F0C /* Preview Assets.xcassets */; };
		362AEC6B2CA1BB4100DE6F0C /* H4X0R_News_iOSTests.swift in Sources */ = {isa = PBXBuildFile; fileRef = 362AEC6A2CA1BB4100DE6F0C /* H4X0R_News_iOSTests.swift */; };
		362AEC752CA1BB4100DE6F0C /* H4X0R_News_iOSUITests.swift in Sources */ = {isa = PBXBuildFile; fileRef = 362AEC742CA1BB4100DE6F0C /* H4X0R_News_iOSUITests.swift */; };
		362AEC772CA1BB4100DE6F0C /* H4X0R_News_iOSUITestsLaunchTests.swift in Sources */ = {isa = PBXBuildFile; fileRef = 362AEC762CA1BB4100DE6F0C /* H4X0R_News_iOSUITestsLaunchTests.swift */; };
		362AEC852CA1BC8E00DE6F0C /* NetworkManager.swift in Sources */ = {isa = PBXBuildFile; fileRef = 362AEC842CA1BC8E00DE6F0C /* NetworkManager.swift */; };
		362AEC872CA1BE1800DE6F0C /* PostData.swift in Sources */ = {isa = PBXBuildFile; fileRef = 362AEC862CA1BE1800DE6F0C /* PostData.swift */; };
/* End PBXBuildFile section */

/* Begin PBXContainerItemProxy section */
		362AEC672CA1BB4100DE6F0C /* PBXContainerItemProxy */ = {
			isa = PBXContainerItemProxy;
			containerPortal = 362AEC4E2CA1BB3F00DE6F0C /* Project object */;
			proxyType = 1;
			remoteGlobalIDString = 362AEC552CA1BB3F00DE6F0C;
			remoteInfo = "H4X0R-News-iOS";
		};
		362AEC712CA1BB4100DE6F0C /* PBXContainerItemProxy */ = {
			isa = PBXContainerItemProxy;
			containerPortal = 362AEC4E2CA1BB3F00DE6F0C /* Project object */;
			proxyType = 1;
			remoteGlobalIDString = 362AEC552CA1BB3F00DE6F0C;
			remoteInfo = "H4X0R-News-iOS";
		};
/* End PBXContainerItemProxy section */

/* Begin PBXFileReference section */
		362AEC562CA1BB3F00DE6F0C /* H4X0R-News-iOS.app */ = {isa = PBXFileReference; explicitFileType = wrapper.application; includeInIndex = 0; path = "H4X0R-News-iOS.app"; sourceTree = BUILT_PRODUCTS_DIR; };
		362AEC592CA1BB3F00DE6F0C /* H4X0R_News_iOSApp.swift */ = {isa = PBXFileReference; lastKnownFileType = sourcecode.swift; path = H4X0R_News_iOSApp.swift; sourceTree = "<group>"; };
		362AEC5B2CA1BB3F00DE6F0C /* ContentView.swift */ = {isa = PBXFileReference; lastKnownFileType = sourcecode.swift; path = ContentView.swift; sourceTree = "<group>"; };
		362AEC5D2CA1BB4100DE6F0C /* Assets.xcassets */ = {isa = PBXFileReference; lastKnownFileType = folder.assetcatalog; path = Assets.xcassets; sourceTree = "<group>"; };
		362AEC602CA1BB4100DE6F0C /* Preview Assets.xcassets */ = {isa = PBXFileReference; lastKnownFileType = folder.assetcatalog; path = "Preview Assets.xcassets"; sourceTree = "<group>"; };
		362AEC662CA1BB4100DE6F0C /* H4X0R-News-iOSTests.xctest */ = {isa = PBXFileReference; explicitFileType = wrapper.cfbundle; includeInIndex = 0; path = "H4X0R-News-iOSTests.xctest"; sourceTree = BUILT_PRODUCTS_DIR; };
		362AEC6A2CA1BB4100DE6F0C /* H4X0R_News_iOSTests.swift */ = {isa = PBXFileReference; lastKnownFileType = sourcecode.swift; path = H4X0R_News_iOSTests.swift; sourceTree = "<group>"; };
		362AEC702CA1BB4100DE6F0C /* H4X0R-News-iOSUITests.xctest */ = {isa = PBXFileReference; explicitFileType = wrapper.cfbundle; includeInIndex = 0; path = "H4X0R-News-iOSUITests.xctest"; sourceTree = BUILT_PRODUCTS_DIR; };
		362AEC742CA1BB4100DE6F0C /* H4X0R_News_iOSUITests.swift */ = {isa = PBXFileReference; lastKnownFileType = sourcecode.swift; path = H4X0R_News_iOSUITests.swift; sourceTree = "<group>"; };
		362AEC762CA1BB4100DE6F0C /* H4X0R_News_iOSUITestsLaunchTests.swift */ = {isa = PBXFileReference; lastKnownFileType = sourcecode.swift; path = H4X0R_News_iOSUITestsLaunchTests.swift; sourceTree = "<group>"; };
		362AEC842CA1BC8E00DE6F0C /* NetworkManager.swift */ = {isa = PBXFileReference; lastKnownFileType = sourcecode.swift; path = NetworkManager.swift; sourceTree = "<group>"; };
		362AEC862CA1BE1800DE6F0C /* PostData.swift */ = {isa = PBXFileReference; lastKnownFileType = sourcecode.swift; path = PostData.swift; sourceTree = "<group>"; };
/* End PBXFileReference section */

/* Begin PBXFrameworksBuildPhase section */
		362AEC532CA1BB3F00DE6F0C /* Frameworks */ = {
			isa = PBXFrameworksBuildPhase;
			buildActionMask = 2147483647;
			files = (
			);
			runOnlyForDeploymentPostprocessing = 0;
		};
		362AEC632CA1BB4100DE6F0C /* Frameworks */ = {
			isa = PBXFrameworksBuildPhase;
			buildActionMask = 2147483647;
			files = (
			);
			runOnlyForDeploymentPostprocessing = 0;
		};
		362AEC6D2CA1BB4100DE6F0C /* Frameworks */ = {
			isa = PBXFrameworksBuildPhase;
			buildActionMask = 2147483647;
			files = (
			);
			runOnlyForDeploymentPostprocessing = 0;
		};
/* End PBXFrameworksBuildPhase section */

/* Begin PBXGroup section */
		362AEC4D2CA1BB3F00DE6F0C = {
			isa = PBXGroup;
			children = (
				362AEC582CA1BB3F00DE6F0C /* H4X0R-News-iOS */,
				362AEC692CA1BB4100DE6F0C /* H4X0R-News-iOSTests */,
				362AEC732CA1BB4100DE6F0C /* H4X0R-News-iOSUITests */,
				362AEC572CA1BB3F00DE6F0C /* Products */,
			);
			sourceTree = "<group>";
		};
		362AEC572CA1BB3F00DE6F0C /* Products */ = {
			isa = PBXGroup;
			children = (
				362AEC562CA1BB3F00DE6F0C /* H4X0R-News-iOS.app */,
				362AEC662CA1BB4100DE6F0C /* H4X0R-News-iOSTests.xctest */,
				362AEC702CA1BB4100DE6F0C /* H4X0R-News-iOSUITests.xctest */,
			);
			name = Products;
			sourceTree = "<group>";
		};
		362AEC582CA1BB3F00DE6F0C /* H4X0R-News-iOS */ = {
			isa = PBXGroup;
			children = (
				362AEC832CA1BC7A00DE6F0C /* Models */,
				362AEC592CA1BB3F00DE6F0C /* H4X0R_News_iOSApp.swift */,
				362AEC5B2CA1BB3F00DE6F0C /* ContentView.swift */,
				362AEC5D2CA1BB4100DE6F0C /* Assets.xcassets */,
				362AEC5F2CA1BB4100DE6F0C /* Preview Content */,
			);
			path = "H4X0R-News-iOS";
			sourceTree = "<group>";
		};
		362AEC5F2CA1BB4100DE6F0C /* Preview Content */ = {
			isa = PBXGroup;
			children = (
				362AEC602CA1BB4100DE6F0C /* Preview Assets.xcassets */,
			);
			path = "Preview Content";
			sourceTree = "<group>";
		};
		362AEC692CA1BB4100DE6F0C /* H4X0R-News-iOSTests */ = {
			isa = PBXGroup;
			children = (
				362AEC6A2CA1BB4100DE6F0C /* H4X0R_News_iOSTests.swift */,
			);
			path = "H4X0R-News-iOSTests";
			sourceTree = "<group>";
		};
		362AEC732CA1BB4100DE6F0C /* H4X0R-News-iOSUITests */ = {
			isa = PBXGroup;
			children = (
				362AEC742CA1BB4100DE6F0C /* H4X0R_News_iOSUITests.swift */,
				362AEC762CA1BB4100DE6F0C /* H4X0R_News_iOSUITestsLaunchTests.swift */,
			);
			path = "H4X0R-News-iOSUITests";
			sourceTree = "<group>";
		};
		362AEC832CA1BC7A00DE6F0C /* Models */ = {
			isa = PBXGroup;
			children = (
				362AEC842CA1BC8E00DE6F0C /* NetworkManager.swift */,
				362AEC862CA1BE1800DE6F0C /* PostData.swift */,
			);
			path = Models;
			sourceTree = "<group>";
		};
/* End PBXGroup section */

/* Begin PBXNativeTarget section */
		362AEC552CA1BB3F00DE6F0C /* H4X0R-News-iOS */ = {
			isa = PBXNativeTarget;
			buildConfigurationList = 362AEC7A2CA1BB4100DE6F0C /* Build configuration list for PBXNativeTarget "H4X0R-News-iOS" */;
			buildPhases = (
				362AEC522CA1BB3F00DE6F0C /* Sources */,
				362AEC532CA1BB3F00DE6F0C /* Frameworks */,
				362AEC542CA1BB3F00DE6F0C /* Resources */,
			);
			buildRules = (
			);
			dependencies = (
			);
			name = "H4X0R-News-iOS";
			productName = "H4X0R-News-iOS";
			productReference = 362AEC562CA1BB3F00DE6F0C /* H4X0R-News-iOS.app */;
			productType = "com.apple.product-type.application";
		};
		362AEC652CA1BB4100DE6F0C /* H4X0R-News-iOSTests */ = {
			isa = PBXNativeTarget;
			buildConfigurationList = 362AEC7D2CA1BB4100DE6F0C /* Build configuration list for PBXNativeTarget "H4X0R-News-iOSTests" */;
			buildPhases = (
				362AEC622CA1BB4100DE6F0C /* Sources */,
				362AEC632CA1BB4100DE6F0C /* Frameworks */,
				362AEC642CA1BB4100DE6F0C /* Resources */,
			);
			buildRules = (
			);
			dependencies = (
				362AEC682CA1BB4100DE6F0C /* PBXTargetDependency */,
			);
			name = "H4X0R-News-iOSTests";
			productName = "H4X0R-News-iOSTests";
			productReference = 362AEC662CA1BB4100DE6F0C /* H4X0R-News-iOSTests.xctest */;
			productType = "com.apple.product-type.bundle.unit-test";
		};
		362AEC6F2CA1BB4100DE6F0C /* H4X0R-News-iOSUITests */ = {
			isa = PBXNativeTarget;
			buildConfigurationList = 362AEC802CA1BB4100DE6F0C /* Build configuration list for PBXNativeTarget "H4X0R-News-iOSUITests" */;
			buildPhases = (
				362AEC6C2CA1BB4100DE6F0C /* Sources */,
				362AEC6D2CA1BB4100DE6F0C /* Frameworks */,
				362AEC6E2CA1BB4100DE6F0C /* Resources */,
			);
			buildRules = (
			);
			dependencies = (
				362AEC722CA1BB4100DE6F0C /* PBXTargetDependency */,
			);
			name = "H4X0R-News-iOSUITests";
			productName = "H4X0R-News-iOSUITests";
			productReference = 362AEC702CA1BB4100DE6F0C /* H4X0R-News-iOSUITests.xctest */;
			productType = "com.apple.product-type.bundle.ui-testing";
		};
/* End PBXNativeTarget section */

/* Begin PBXProject section */
		362AEC4E2CA1BB3F00DE6F0C /* Project object */ = {
			isa = PBXProject;
			attributes = {
				BuildIndependentTargetsInParallel = 1;
				LastSwiftUpdateCheck = 1540;
				LastUpgradeCheck = 1540;
				TargetAttributes = {
					362AEC552CA1BB3F00DE6F0C = {
						CreatedOnToolsVersion = 15.4;
					};
					362AEC652CA1BB4100DE6F0C = {
						CreatedOnToolsVersion = 15.4;
						TestTargetID = 362AEC552CA1BB3F00DE6F0C;
					};
					362AEC6F2CA1BB4100DE6F0C = {
						CreatedOnToolsVersion = 15.4;
						TestTargetID = 362AEC552CA1BB3F00DE6F0C;
					};
				};
			};
			buildConfigurationList = 362AEC512CA1BB3F00DE6F0C /* Build configuration list for PBXProject "H4X0R-News-iOS" */;
			compatibilityVersion = "Xcode 14.0";
			developmentRegion = en;
			hasScannedForEncodings = 0;
			knownRegions = (
				en,
				Base,
			);
			mainGroup = 362AEC4D2CA1BB3F00DE6F0C;
			productRefGroup = 362AEC572CA1BB3F00DE6F0C /* Products */;
			projectDirPath = "";
			projectRoot = "";
			targets = (
				362AEC552CA1BB3F00DE6F0C /* H4X0R-News-iOS */,
				362AEC652CA1BB4100DE6F0C /* H4X0R-News-iOSTests */,
				362AEC6F2CA1BB4100DE6F0C /* H4X0R-News-iOSUITests */,
			);
		};
/* End PBXProject section */

/* Begin PBXResourcesBuildPhase section */
		362AEC542CA1BB3F00DE6F0C /* Resources */ = {
			isa = PBXResourcesBuildPhase;
			buildActionMask = 2147483647;
			files = (
				362AEC612CA1BB4100DE6F0C /* Preview Assets.xcassets in Resources */,
				362AEC5E2CA1BB4100DE6F0C /* Assets.xcassets in Resources */,
			);
			runOnlyForDeploymentPostprocessing = 0;
		};
		362AEC642CA1BB4100DE6F0C /* Resources */ = {
			isa = PBXResourcesBuildPhase;
			buildActionMask = 2147483647;
			files = (
			);
			runOnlyForDeploymentPostprocessing = 0;
		};
		362AEC6E2CA1BB4100DE6F0C /* Resources */ = {
			isa = PBXResourcesBuildPhase;
			buildActionMask = 2147483647;
			files = (
			);
			runOnlyForDeploymentPostprocessing = 0;
		};
/* End PBXResourcesBuildPhase section */

/* Begin PBXSourcesBuildPhase section */
		362AEC522CA1BB3F00DE6F0C /* Sources */ = {
			isa = PBXSourcesBuildPhase;
			buildActionMask = 2147483647;
			files = (
				362AEC852CA1BC8E00DE6F0C /* NetworkManager.swift in Sources */,
				362AEC872CA1BE1800DE6F0C /* PostData.swift in Sources */,
				362AEC5C2CA1BB3F00DE6F0C /* ContentView.swift in Sources */,
				362AEC5A2CA1BB3F00DE6F0C /* H4X0R_News_iOSApp.swift in Sources */,
			);
			runOnlyForDeploymentPostprocessing = 0;
		};
		362AEC622CA1BB4100DE6F0C /* Sources */ = {
			isa = PBXSourcesBuildPhase;
			buildActionMask = 2147483647;
			files = (
				362AEC6B2CA1BB4100DE6F0C /* H4X0R_News_iOSTests.swift in Sources */,
			);
			runOnlyForDeploymentPostprocessing = 0;
		};
		362AEC6C2CA1BB4100DE6F0C /* Sources */ = {
			isa = PBXSourcesBuildPhase;
			buildActionMask = 2147483647;
			files = (
				362AEC772CA1BB4100DE6F0C /* H4X0R_News_iOSUITestsLaunchTests.swift in Sources */,
				362AEC752CA1BB4100DE6F0C /* H4X0R_News_iOSUITests.swift in Sources */,
			);
			runOnlyForDeploymentPostprocessing = 0;
		};
/* End PBXSourcesBuildPhase section */

/* Begin PBXTargetDependency section */
		362AEC682CA1BB4100DE6F0C /* PBXTargetDependency */ = {
			isa = PBXTargetDependency;
			target = 362AEC552CA1BB3F00DE6F0C /* H4X0R-News-iOS */;
			targetProxy = 362AEC672CA1BB4100DE6F0C /* PBXContainerItemProxy */;
		};
		362AEC722CA1BB4100DE6F0C /* PBXTargetDependency */ = {
			isa = PBXTargetDependency;
			target = 362AEC552CA1BB3F00DE6F0C /* H4X0R-News-iOS */;
			targetProxy = 362AEC712CA1BB4100DE6F0C /* PBXContainerItemProxy */;
		};
/* End PBXTargetDependency section */

/* Begin XCBuildConfiguration section */
		362AEC782CA1BB4100DE6F0C /* Debug */ = {
			isa = XCBuildConfiguration;
			buildSettings = {
				ALWAYS_SEARCH_USER_PATHS = NO;
				ASSETCATALOG_COMPILER_GENERATE_SWIFT_ASSET_SYMBOL_EXTENSIONS = YES;
				CLANG_ANALYZER_NONNULL = YES;
				CLANG_ANALYZER_NUMBER_OBJECT_CONVERSION = YES_AGGRESSIVE;
				CLANG_CXX_LANGUAGE_STANDARD = "gnu++20";
				CLANG_ENABLE_MODULES = YES;
				CLANG_ENABLE_OBJC_ARC = YES;
				CLANG_ENABLE_OBJC_WEAK = YES;
				CLANG_WARN_BLOCK_CAPTURE_AUTORELEASING = YES;
				CLANG_WARN_BOOL_CONVERSION = YES;
				CLANG_WARN_COMMA = YES;
				CLANG_WARN_CONSTANT_CONVERSION = YES;
				CLANG_WARN_DEPRECATED_OBJC_IMPLEMENTATIONS = YES;
				CLANG_WARN_DIRECT_OBJC_ISA_USAGE = YES_ERROR;
				CLANG_WARN_DOCUMENTATION_COMMENTS = YES;
				CLANG_WARN_EMPTY_BODY = YES;
				CLANG_WARN_ENUM_CONVERSION = YES;
				CLANG_WARN_INFINITE_RECURSION = YES;
				CLANG_WARN_INT_CONVERSION = YES;
				CLANG_WARN_NON_LITERAL_NULL_CONVERSION = YES;
				CLANG_WARN_OBJC_IMPLICIT_RETAIN_SELF = YES;
				CLANG_WARN_OBJC_LITERAL_CONVERSION = YES;
				CLANG_WARN_OBJC_ROOT_CLASS = YES_ERROR;
				CLANG_WARN_QUOTED_INCLUDE_IN_FRAMEWORK_HEADER = YES;
				CLANG_WARN_RANGE_LOOP_ANALYSIS = YES;
				CLANG_WARN_STRICT_PROTOTYPES = YES;
				CLANG_WARN_SUSPICIOUS_MOVE = YES;
				CLANG_WARN_UNGUARDED_AVAILABILITY = YES_AGGRESSIVE;
				CLANG_WARN_UNREACHABLE_CODE = YES;
				CLANG_WARN__DUPLICATE_METHOD_MATCH = YES;
				COPY_PHASE_STRIP = NO;
				DEBUG_INFORMATION_FORMAT = dwarf;
				ENABLE_STRICT_OBJC_MSGSEND = YES;
				ENABLE_TESTABILITY = YES;
				ENABLE_USER_SCRIPT_SANDBOXING = YES;
				GCC_C_LANGUAGE_STANDARD = gnu17;
				GCC_DYNAMIC_NO_PIC = NO;
				GCC_NO_COMMON_BLOCKS = YES;
				GCC_OPTIMIZATION_LEVEL = 0;
				GCC_PREPROCESSOR_DEFINITIONS = (
					"DEBUG=1",
					"$(inherited)",
				);
				GCC_WARN_64_TO_32_BIT_CONVERSION = YES;
				GCC_WARN_ABOUT_RETURN_TYPE = YES_ERROR;
				GCC_WARN_UNDECLARED_SELECTOR = YES;
				GCC_WARN_UNINITIALIZED_AUTOS = YES_AGGRESSIVE;
				GCC_WARN_UNUSED_FUNCTION = YES;
				GCC_WARN_UNUSED_VARIABLE = YES;
				IPHONEOS_DEPLOYMENT_TARGET = 17.5;
				LOCALIZATION_PREFERS_STRING_CATALOGS = YES;
				MTL_ENABLE_DEBUG_INFO = INCLUDE_SOURCE;
				MTL_FAST_MATH = YES;
				ONLY_ACTIVE_ARCH = YES;
				SDKROOT = iphoneos;
				SWIFT_ACTIVE_COMPILATION_CONDITIONS = "DEBUG $(inherited)";
				SWIFT_OPTIMIZATION_LEVEL = "-Onone";
			};
			name = Debug;
		};
		362AEC792CA1BB4100DE6F0C /* Release */ = {
			isa = XCBuildConfiguration;
			buildSettings = {
				ALWAYS_SEARCH_USER_PATHS = NO;
				ASSETCATALOG_COMPILER_GENERATE_SWIFT_ASSET_SYMBOL_EXTENSIONS = YES;
				CLANG_ANALYZER_NONNULL = YES;
				CLANG_ANALYZER_NUMBER_OBJECT_CONVERSION = YES_AGGRESSIVE;
				CLANG_CXX_LANGUAGE_STANDARD = "gnu++20";
				CLANG_ENABLE_MODULES = YES;
				CLANG_ENABLE_OBJC_ARC = YES;
				CLANG_ENABLE_OBJC_WEAK = YES;
				CLANG_WARN_BLOCK_CAPTURE_AUTORELEASING = YES;
				CLANG_WARN_BOOL_CONVERSION = YES;
				CLANG_WARN_COMMA = YES;
				CLANG_WARN_CONSTANT_CONVERSION = YES;
				CLANG_WARN_DEPRECATED_OBJC_IMPLEMENTATIONS = YES;
				CLANG_WARN_DIRECT_OBJC_ISA_USAGE = YES_ERROR;
				CLANG_WARN_DOCUMENTATION_COMMENTS = YES;
				CLANG_WARN_EMPTY_BODY = YES;
				CLANG_WARN_ENUM_CONVERSION = YES;
				CLANG_WARN_INFINITE_RECURSION = YES;
				CLANG_WARN_INT_CONVERSION = YES;
				CLANG_WARN_NON_LITERAL_NULL_CONVERSION = YES;
				CLANG_WARN_OBJC_IMPLICIT_RETAIN_SELF = YES;
				CLANG_WARN_OBJC_LITERAL_CONVERSION = YES;
				CLANG_WARN_OBJC_ROOT_CLASS = YES_ERROR;
				CLANG_WARN_QUOTED_INCLUDE_IN_FRAMEWORK_HEADER = YES;
				CLANG_WARN_RANGE_LOOP_ANALYSIS = YES;
				CLANG_WARN_STRICT_PROTOTYPES = YES;
				CLANG_WARN_SUSPICIOUS_MOVE = YES;
				CLANG_WARN_UNGUARDED_AVAILABILITY = YES_AGGRESSIVE;
				CLANG_WARN_UNREACHABLE_CODE = YES;
				CLANG_WARN__DUPLICATE_METHOD_MATCH = YES;
				COPY_PHASE_STRIP = NO;
				DEBUG_INFORMATION_FORMAT = "dwarf-with-dsym";
				ENABLE_NS_ASSERTIONS = NO;
				ENABLE_STRICT_OBJC_MSGSEND = YES;
				ENABLE_USER_SCRIPT_SANDBOXING = YES;
				GCC_C_LANGUAGE_STANDARD = gnu17;
				GCC_NO_COMMON_BLOCKS = YES;
				GCC_WARN_64_TO_32_BIT_CONVERSION = YES;
				GCC_WARN_ABOUT_RETURN_TYPE = YES_ERROR;
				GCC_WARN_UNDECLARED_SELECTOR = YES;
				GCC_WARN_UNINITIALIZED_AUTOS = YES_AGGRESSIVE;
				GCC_WARN_UNUSED_FUNCTION = YES;
				GCC_WARN_UNUSED_VARIABLE = YES;
				IPHONEOS_DEPLOYMENT_TARGET = 17.5;
				LOCALIZATION_PREFERS_STRING_CATALOGS = YES;
				MTL_ENABLE_DEBUG_INFO = NO;
				MTL_FAST_MATH = YES;
				SDKROOT = iphoneos;
				SWIFT_COMPILATION_MODE = wholemodule;
				VALIDATE_PRODUCT = YES;
			};
			name = Release;
		};
		362AEC7B2CA1BB4100DE6F0C /* Debug */ = {
			isa = XCBuildConfiguration;
			buildSettings = {
				ASSETCATALOG_COMPILER_APPICON_NAME = AppIcon;
				ASSETCATALOG_COMPILER_GLOBAL_ACCENT_COLOR_NAME = AccentColor;
				CODE_SIGN_STYLE = Automatic;
				CURRENT_PROJECT_VERSION = 1;
				DEVELOPMENT_ASSET_PATHS = "\"H4X0R-News-iOS/Preview Content\"";
				DEVELOPMENT_TEAM = 6UD82GG2F4;
				ENABLE_PREVIEWS = YES;
				GENERATE_INFOPLIST_FILE = YES;
				INFOPLIST_KEY_UIApplicationSceneManifest_Generation = YES;
				INFOPLIST_KEY_UIApplicationSupportsIndirectInputEvents = YES;
				INFOPLIST_KEY_UILaunchScreen_Generation = YES;
				INFOPLIST_KEY_UISupportedInterfaceOrientations_iPad = "UIInterfaceOrientationPortrait UIInterfaceOrientationPortraitUpsideDown UIInterfaceOrientationLandscapeLeft UIInterfaceOrientationLandscapeRight";
				INFOPLIST_KEY_UISupportedInterfaceOrientations_iPhone = "UIInterfaceOrientationPortrait UIInterfaceOrientationLandscapeLeft UIInterfaceOrientationLandscapeRight";
				LD_RUNPATH_SEARCH_PATHS = (
					"$(inherited)",
					"@executable_path/Frameworks",
				);
				MARKETING_VERSION = 1.0;
				PRODUCT_BUNDLE_IDENTIFIER = "com.robharting.H4X0R-News-iOS";
				PRODUCT_NAME = "$(TARGET_NAME)";
				SWIFT_EMIT_LOC_STRINGS = YES;
				SWIFT_VERSION = 5.0;
				TARGETED_DEVICE_FAMILY = "1,2";
			};
			name = Debug;
		};
		362AEC7C2CA1BB4100DE6F0C /* Release */ = {
			isa = XCBuildConfiguration;
			buildSettings = {
				ASSETCATALOG_COMPILER_APPICON_NAME = AppIcon;
				ASSETCATALOG_COMPILER_GLOBAL_ACCENT_COLOR_NAME = AccentColor;
				CODE_SIGN_STYLE = Automatic;
				CURRENT_PROJECT_VERSION = 1;
				DEVELOPMENT_ASSET_PATHS = "\"H4X0R-News-iOS/Preview Content\"";
				DEVELOPMENT_TEAM = 6UD82GG2F4;
				ENABLE_PREVIEWS = YES;
				GENERATE_INFOPLIST_FILE = YES;
				INFOPLIST_KEY_UIApplicationSceneManifest_Generation = YES;
				INFOPLIST_KEY_UIApplicationSupportsIndirectInputEvents = YES;
				INFOPLIST_KEY_UILaunchScreen_Generation = YES;
				INFOPLIST_KEY_UISupportedInterfaceOrientations_iPad = "UIInterfaceOrientationPortrait UIInterfaceOrientationPortraitUpsideDown UIInterfaceOrientationLandscapeLeft UIInterfaceOrientationLandscapeRight";
				INFOPLIST_KEY_UISupportedInterfaceOrientations_iPhone = "UIInterfaceOrientationPortrait UIInterfaceOrientationLandscapeLeft UIInterfaceOrientationLandscapeRight";
				LD_RUNPATH_SEARCH_PATHS = (
					"$(inherited)",
					"@executable_path/Frameworks",
				);
				MARKETING_VERSION = 1.0;
				PRODUCT_BUNDLE_IDENTIFIER = "com.robharting.H4X0R-News-iOS";
				PRODUCT_NAME = "$(TARGET_NAME)";
				SWIFT_EMIT_LOC_STRINGS = YES;
				SWIFT_VERSION = 5.0;
				TARGETED_DEVICE_FAMILY = "1,2";
			};
			name = Release;
		};
		362AEC7E2CA1BB4100DE6F0C /* Debug */ = {
			isa = XCBuildConfiguration;
			buildSettings = {
				ALWAYS_EMBED_SWIFT_STANDARD_LIBRARIES = YES;
				BUNDLE_LOADER = "$(TEST_HOST)";
				CODE_SIGN_STYLE = Automatic;
				CURRENT_PROJECT_VERSION = 1;
				DEVELOPMENT_TEAM = 6UD82GG2F4;
				GENERATE_INFOPLIST_FILE = YES;
				IPHONEOS_DEPLOYMENT_TARGET = 17.5;
				MARKETING_VERSION = 1.0;
				PRODUCT_BUNDLE_IDENTIFIER = "com.robharting.H4X0R-News-iOSTests";
				PRODUCT_NAME = "$(TARGET_NAME)";
				SWIFT_EMIT_LOC_STRINGS = NO;
				SWIFT_VERSION = 5.0;
				TARGETED_DEVICE_FAMILY = "1,2";
				TEST_HOST = "$(BUILT_PRODUCTS_DIR)/H4X0R-News-iOS.app/$(BUNDLE_EXECUTABLE_FOLDER_PATH)/H4X0R-News-iOS";
			};
			name = Debug;
		};
		362AEC7F2CA1BB4100DE6F0C /* Release */ = {
			isa = XCBuildConfiguration;
			buildSettings = {
				ALWAYS_EMBED_SWIFT_STANDARD_LIBRARIES = YES;
				BUNDLE_LOADER = "$(TEST_HOST)";
				CODE_SIGN_STYLE = Automatic;
				CURRENT_PROJECT_VERSION = 1;
				DEVELOPMENT_TEAM = 6UD82GG2F4;
				GENERATE_INFOPLIST_FILE = YES;
				IPHONEOS_DEPLOYMENT_TARGET = 17.5;
				MARKETING_VERSION = 1.0;
				PRODUCT_BUNDLE_IDENTIFIER = "com.robharting.H4X0R-News-iOSTests";
				PRODUCT_NAME = "$(TARGET_NAME)";
				SWIFT_EMIT_LOC_STRINGS = NO;
				SWIFT_VERSION = 5.0;
				TARGETED_DEVICE_FAMILY = "1,2";
				TEST_HOST = "$(BUILT_PRODUCTS_DIR)/H4X0R-News-iOS.app/$(BUNDLE_EXECUTABLE_FOLDER_PATH)/H4X0R-News-iOS";
			};
			name = Release;
		};
		362AEC812CA1BB4100DE6F0C /* Debug */ = {
			isa = XCBuildConfiguration;
			buildSettings = {
				ALWAYS_EMBED_SWIFT_STANDARD_LIBRARIES = YES;
				CODE_SIGN_STYLE = Automatic;
				CURRENT_PROJECT_VERSION = 1;
				DEVELOPMENT_TEAM = 6UD82GG2F4;
				GENERATE_INFOPLIST_FILE = YES;
				MARKETING_VERSION = 1.0;
				PRODUCT_BUNDLE_IDENTIFIER = "com.robharting.H4X0R-News-iOSUITests";
				PRODUCT_NAME = "$(TARGET_NAME)";
				SWIFT_EMIT_LOC_STRINGS = NO;
				SWIFT_VERSION = 5.0;
				TARGETED_DEVICE_FAMILY = "1,2";
				TEST_TARGET_NAME = "H4X0R-News-iOS";
			};
			name = Debug;
		};
		362AEC822CA1BB4100DE6F0C /* Release */ = {
			isa = XCBuildConfiguration;
			buildSettings = {
				ALWAYS_EMBED_SWIFT_STANDARD_LIBRARIES = YES;
				CODE_SIGN_STYLE = Automatic;
				CURRENT_PROJECT_VERSION = 1;
				DEVELOPMENT_TEAM = 6UD82GG2F4;
				GENERATE_INFOPLIST_FILE = YES;
				MARKETING_VERSION = 1.0;
				PRODUCT_BUNDLE_IDENTIFIER = "com.robharting.H4X0R-News-iOSUITests";
				PRODUCT_NAME = "$(TARGET_NAME)";
				SWIFT_EMIT_LOC_STRINGS = NO;
				SWIFT_VERSION = 5.0;
				TARGETED_DEVICE_FAMILY = "1,2";
				TEST_TARGET_NAME = "H4X0R-News-iOS";
			};
			name = Release;
		};
/* End XCBuildConfiguration section */

/* Begin XCConfigurationList section */
		362AEC512CA1BB3F00DE6F0C /* Build configuration list for PBXProject "H4X0R-News-iOS" */ = {
			isa = XCConfigurationList;
			buildConfigurations = (
				362AEC782CA1BB4100DE6F0C /* Debug */,
				362AEC792CA1BB4100DE6F0C /* Release */,
			);
			defaultConfigurationIsVisible = 0;
			defaultConfigurationName = Release;
		};
		362AEC7A2CA1BB4100DE6F0C /* Build configuration list for PBXNativeTarget "H4X0R-News-iOS" */ = {
			isa = XCConfigurationList;
			buildConfigurations = (
				362AEC7B2CA1BB4100DE6F0C /* Debug */,
				362AEC7C2CA1BB4100DE6F0C /* Release */,
			);
			defaultConfigurationIsVisible = 0;
			defaultConfigurationName = Release;
		};
		362AEC7D2CA1BB4100DE6F0C /* Build configuration list for PBXNativeTarget "H4X0R-News-iOSTests" */ = {
			isa = XCConfigurationList;
			buildConfigurations = (
				362AEC7E2CA1BB4100DE6F0C /* Debug */,
				362AEC7F2CA1BB4100DE6F0C /* Release */,
			);
			defaultConfigurationIsVisible = 0;
			defaultConfigurationName = Release;
		};
		362AEC802CA1BB4100DE6F0C /* Build configuration list for PBXNativeTarget "H4X0R-News-iOSUITests" */ = {
			isa = XCConfigurationList;
			buildConfigurations = (
				362AEC812CA1BB4100DE6F0C /* Debug */,
				362AEC822CA1BB4100DE6F0C /* Release */,
			);
			defaultConfigurationIsVisible = 0;
			defaultConfigurationName = Release;
		};
/* End XCConfigurationList section */
	};
	rootObject = 362AEC4E2CA1BB3F00DE6F0C /* Project object */;
}
